
Microsoft Visual Studio Solution File, Format Version 12.00
# Visual Studio Version 16
VisualStudioVersion = 16.0.33920.266
MinimumVisualStudioVersion = 10.0.40219.1
Project("{FAE04EC0-301F-11D3-BF4B-00C04F79EFBC}") = "Aveva.C.Sharp.Training", "Aveva.C.Sharp.Training\Aveva.C.Sharp.Training.csproj", "{24EB8999-D32B-4FCE-B460-FA6A80FC1CF8}"
EndProject
Global
	GlobalSection(SolutionConfigurationPlatforms) = preSolution
		Debug|Any CPU = Debug|Any CPU
		Release|Any CPU = Release|Any CPU
	EndGlobalSection
	GlobalSection(ProjectConfigurationPlatforms) = postSolution
		{24EB8999-D32B-4FCE-B460-FA6A80FC1CF8}.Debug|Any CPU.ActiveCfg = Debug|Any CPU
		{24EB8999-D32B-4FCE-B460-FA6A80FC1CF8}.Debug|Any CPU.Build.0 = Debug|Any CPU
		{24EB8999-D32B-4FCE-B460-FA6A80FC1CF8}.Release|Any CPU.ActiveCfg = Release|Any CPU
		{24EB8999-D32B-4FCE-B460-FA6A80FC1CF8}.Release|Any CPU.Build.0 = Release|Any CPU
	EndGlobalSection
	GlobalSection(SolutionProperties) = preSolution
		HideSolutionNode = FALSE
	EndGlobalSection
	GlobalSection(ExtensibilityGlobals) = postSolution
		SolutionGuid = {28055258-AED4-4FE8-BDAD-F13804193439}
	EndGlobalSection
EndGlobal
